
Microsoft Visual Studio Solution File, Format Version 12.00
# Visual Studio Version 17
VisualStudioVersion = 17.0.31919.166
MinimumVisualStudioVersion = 10.0.40219.1
Project("{FAE04EC0-301F-11D3-BF4B-00C04F79EFBC}") = "01_CSFundamentals_Basics", "01_CSFundamentals_Basics\01_CSFundamentals_Basics.csproj", "{8C579656-1CA9-4735-B946-08880243FECB}"
EndProject
Global
	GlobalSection(SolutionConfigurationPlatforms) = preSolution
		Debug|Any CPU = Debug|Any CPU
		Release|Any CPU = Release|Any CPU
	EndGlobalSection
	GlobalSection(ProjectConfigurationPlatforms) = postSolution
		{8C579656-1CA9-4735-B946-08880243FECB}.Debug|Any CPU.ActiveCfg = Debug|Any CPU
		{8C579656-1CA9-4735-B946-08880243FECB}.Debug|Any CPU.Build.0 = Debug|Any CPU
		{8C579656-1CA9-4735-B946-08880243FECB}.Release|Any CPU.ActiveCfg = Release|Any CPU
		{8C579656-1CA9-4735-B946-08880243FECB}.Release|Any CPU.Build.0 = Release|Any CPU
	EndGlobalSection
	GlobalSection(SolutionProperties) = preSolution
		HideSolutionNode = FALSE
	EndGlobalSection
	GlobalSection(ExtensibilityGlobals) = postSolution
		SolutionGuid = {D14784A7-DCC3-4597-B500-5786D6F6ED96}
	EndGlobalSection
EndGlobal
